
Microsoft Visual Studio Solution File, Format Version 12.00
# Visual Studio Version 16
VisualStudioVersion = 16.0.31911.196
MinimumVisualStudioVersion = 10.0.40219.1
Project("{FAE04EC0-301F-11D3-BF4B-00C04F79EFBC}") = "BusTest", "BusTest\BusTest.csproj", "{F7951B71-917F-4121-9FC3-C262ED174800}"
EndProject
Global
	GlobalSection(SolutionConfigurationPlatforms) = preSolution
		Debug|Any CPU = Debug|Any CPU
		Release|Any CPU = Release|Any CPU
	EndGlobalSection
	GlobalSection(ProjectConfigurationPlatforms) = postSolution
		{F7951B71-917F-4121-9FC3-C262ED174800}.Debug|Any CPU.ActiveCfg = Debug|Any CPU
		{F7951B71-917F-4121-9FC3-C262ED174800}.Debug|Any CPU.Build.0 = Debug|Any CPU
		{F7951B71-917F-4121-9FC3-C262ED174800}.Release|Any CPU.ActiveCfg = Release|Any CPU
		{F7951B71-917F-4121-9FC3-C262ED174800}.Release|Any CPU.Build.0 = Release|Any CPU
	EndGlobalSection
	GlobalSection(SolutionProperties) = preSolution
		HideSolutionNode = FALSE
	EndGlobalSection
	GlobalSection(ExtensibilityGlobals) = postSolution
		SolutionGuid = {8F27402F-7E3C-44F3-A6E0-3E578BD518BB}
	EndGlobalSection
EndGlobal
